
Microsoft Visual Studio Solution File, Format Version 12.00
# Visual Studio Version 17
VisualStudioVersion = 17.9.34728.123
MinimumVisualStudioVersion = 10.0.40219.1
Project("{9A19103F-16F7-4668-BE54-9A1E7A4F7556}") = "MextFSBeginner.ConsoleClient", "MextFSBeginner.ConsoleClient\MextFSBeginner.ConsoleClient.csproj", "{764FB844-E576-4DF9-9C0E-1A973FD7A365}"
EndProject
Project("{9A19103F-16F7-4668-BE54-9A1E7A4F7556}") = "MextFSBeginner.WasmClient", "MextFSBeginner.WasmClient\MextFSBeginner.WasmClient.csproj", "{52A6CE55-8628-4750-B2CC-BA6837A205EC}"
EndProject
Project("{9A19103F-16F7-4668-BE54-9A1E7A4F7556}") = "MextFSBeginner.Domain", "MextFSBeginner.Domain\MextFSBeginner.Domain.csproj", "{B1BAC45C-F235-4DDE-B318-2A90E8206B28}"
EndProject
Project("{9A19103F-16F7-4668-BE54-9A1E7A4F7556}") = "MextFSBeginner.TheBasics", "MextFSBeginner.TheBasics\MextFSBeginner.TheBasics.csproj", "{D9D60324-F0D8-4753-A1F7-23E5C6857E43}"
EndProject
Project("{9A19103F-16F7-4668-BE54-9A1E7A4F7556}") = "MextFSBeginner.Entities", "MextFSBeginner.Entities\MextFSBeginner.Entities.csproj", "{0CD76052-33B9-4CF1-860A-6EB21D7D1588}"
EndProject
Project("{9A19103F-16F7-4668-BE54-9A1E7A4F7556}") = "MextFSBeginner.AccessControlApp", "AccessControlApp\MextFSBeginner.AccessControlApp.csproj", "{6CCCE4AA-BE33-4EB0-9DD6-821645F0A4A6}"
EndProject
Project("{9A19103F-16F7-4668-BE54-9A1E7A4F7556}") = "MextFSBeginner.AccessControlApp2", "MextFSBeginner.AccessControlApp2\MextFSBeginner.AccessControlApp2.csproj", "{5C449403-165B-44AE-BC59-8C4319E61FA2}"
EndProject
Project("{9A19103F-16F7-4668-BE54-9A1E7A4F7556}") = "MextFSBeginner.InheritanceExampleConsole", "MextFSBeginner.InheritanceExampleConsole\MextFSBeginner.InheritanceExampleConsole.csproj", "{2EEA7EDC-AA1A-46B3-8852-B28FDC401805}"
EndProject
Project("{9A19103F-16F7-4668-BE54-9A1E7A4F7556}") = "MextFSBeginner.AbstractClasses", "MextFSBeginner.AbstractClasses\MextFSBeginner.AbstractClasses.csproj", "{0CFFC434-E378-49BF-82DF-78AB942B61EF}"
EndProject
Project("{9A19103F-16F7-4668-BE54-9A1E7A4F7556}") = "MextFSBeginner.AbstractClassExamples", "MextFSBeginner.AbstractClassExamples\MextFSBeginner.AbstractClassExamples.csproj", "{65E9A7AC-80D0-4BB7-AAD4-AF37DA759367}"
EndProject
Project("{2150E333-8FDC-42A3-9474-1A3956D46DE8}") = "src", "src", "{FF940145-0FBC-42E6-B6A8-0CEA63C52046}"
EndProject
Project("{2150E333-8FDC-42A3-9474-1A3956D46DE8}") = "beginner", "beginner", "{F98994C0-1A91-4680-99F5-18F3E9833A49}"
EndProject
Project("{9A19103F-16F7-4668-BE54-9A1E7A4F7556}") = "SQLiteExamples", "SQLiteExamples\SQLiteExamples.csproj", "{5720A445-EF7E-46BB-9B81-31E878398B12}"
EndProject
Project("{9A19103F-16F7-4668-BE54-9A1E7A4F7556}") = "BlazorApp1", "BlazorApp1\BlazorApp1.csproj", "{E551AC46-C607-4644-9951-C7D732079F4E}"
EndProject
Project("{9A19103F-16F7-4668-BE54-9A1E7A4F7556}") = "BlazorApp1.Client", "BlazorApp1.Client\BlazorApp1.Client.csproj", "{477A597C-BA88-48E4-82AC-69EB887E4453}"
EndProject
Project("{2150E333-8FDC-42A3-9474-1A3956D46DE8}") = "databases", "databases", "{F13584BB-0CD1-4368-AAFB-E0876F40B2BC}"
EndProject
Project("{FAE04EC0-301F-11D3-BF4B-00C04F79EFBC}") = "ECommerceApp", "ECommerceApp\ECommerceApp.csproj", "{72896F20-59B0-4E4C-A336-AD0B7565D199}"
EndProject
Global
	GlobalSection(SolutionConfigurationPlatforms) = preSolution
		Debug|Any CPU = Debug|Any CPU
		Release|Any CPU = Release|Any CPU
	EndGlobalSection
	GlobalSection(ProjectConfigurationPlatforms) = postSolution
		{764FB844-E576-4DF9-9C0E-1A973FD7A365}.Debug|Any CPU.ActiveCfg = Debug|Any CPU
		{764FB844-E576-4DF9-9C0E-1A973FD7A365}.Debug|Any CPU.Build.0 = Debug|Any CPU
		{764FB844-E576-4DF9-9C0E-1A973FD7A365}.Release|Any CPU.ActiveCfg = Release|Any CPU
		{764FB844-E576-4DF9-9C0E-1A973FD7A365}.Release|Any CPU.Build.0 = Release|Any CPU
		{52A6CE55-8628-4750-B2CC-BA6837A205EC}.Debug|Any CPU.ActiveCfg = Debug|Any CPU
		{52A6CE55-8628-4750-B2CC-BA6837A205EC}.Debug|Any CPU.Build.0 = Debug|Any CPU
		{52A6CE55-8628-4750-B2CC-BA6837A205EC}.Release|Any CPU.ActiveCfg = Release|Any CPU
		{52A6CE55-8628-4750-B2CC-BA6837A205EC}.Release|Any CPU.Build.0 = Release|Any CPU
		{B1BAC45C-F235-4DDE-B318-2A90E8206B28}.Debug|Any CPU.ActiveCfg = Debug|Any CPU
		{B1BAC45C-F235-4DDE-B318-2A90E8206B28}.Debug|Any CPU.Build.0 = Debug|Any CPU
		{B1BAC45C-F235-4DDE-B318-2A90E8206B28}.Release|Any CPU.ActiveCfg = Release|Any CPU
		{B1BAC45C-F235-4DDE-B318-2A90E8206B28}.Release|Any CPU.Build.0 = Release|Any CPU
		{D9D60324-F0D8-4753-A1F7-23E5C6857E43}.Debug|Any CPU.ActiveCfg = Debug|Any CPU
		{D9D60324-F0D8-4753-A1F7-23E5C6857E43}.Debug|Any CPU.Build.0 = Debug|Any CPU
		{D9D60324-F0D8-4753-A1F7-23E5C6857E43}.Release|Any CPU.ActiveCfg = Release|Any CPU
		{D9D60324-F0D8-4753-A1F7-23E5C6857E43}.Release|Any CPU.Build.0 = Release|Any CPU
		{0CD76052-33B9-4CF1-860A-6EB21D7D1588}.Debug|Any CPU.ActiveCfg = Debug|Any CPU
		{0CD76052-33B9-4CF1-860A-6EB21D7D1588}.Debug|Any CPU.Build.0 = Debug|Any CPU
		{0CD76052-33B9-4CF1-860A-6EB21D7D1588}.Release|Any CPU.ActiveCfg = Release|Any CPU
		{0CD76052-33B9-4CF1-860A-6EB21D7D1588}.Release|Any CPU.Build.0 = Release|Any CPU
		{6CCCE4AA-BE33-4EB0-9DD6-821645F0A4A6}.Debug|Any CPU.ActiveCfg = Debug|Any CPU
		{6CCCE4AA-BE33-4EB0-9DD6-821645F0A4A6}.Debug|Any CPU.Build.0 = Debug|Any CPU
		{6CCCE4AA-BE33-4EB0-9DD6-821645F0A4A6}.Release|Any CPU.ActiveCfg = Release|Any CPU
		{6CCCE4AA-BE33-4EB0-9DD6-821645F0A4A6}.Release|Any CPU.Build.0 = Release|Any CPU
		{5C449403-165B-44AE-BC59-8C4319E61FA2}.Debug|Any CPU.ActiveCfg = Debug|Any CPU
		{5C449403-165B-44AE-BC59-8C4319E61FA2}.Debug|Any CPU.Build.0 = Debug|Any CPU
		{5C449403-165B-44AE-BC59-8C4319E61FA2}.Release|Any CPU.ActiveCfg = Release|Any CPU
		{5C449403-165B-44AE-BC59-8C4319E61FA2}.Release|Any CPU.Build.0 = Release|Any CPU
		{2EEA7EDC-AA1A-46B3-8852-B28FDC401805}.Debug|Any CPU.ActiveCfg = Debug|Any CPU
		{2EEA7EDC-AA1A-46B3-8852-B28FDC401805}.Debug|Any CPU.Build.0 = Debug|Any CPU
		{2EEA7EDC-AA1A-46B3-8852-B28FDC401805}.Release|Any CPU.ActiveCfg = Release|Any CPU
		{2EEA7EDC-AA1A-46B3-8852-B28FDC401805}.Release|Any CPU.Build.0 = Release|Any CPU
		{0CFFC434-E378-49BF-82DF-78AB942B61EF}.Debug|Any CPU.ActiveCfg = Debug|Any CPU
		{0CFFC434-E378-49BF-82DF-78AB942B61EF}.Debug|Any CPU.Build.0 = Debug|Any CPU
		{0CFFC434-E378-49BF-82DF-78AB942B61EF}.Release|Any CPU.ActiveCfg = Release|Any CPU
		{0CFFC434-E378-49BF-82DF-78AB942B61EF}.Release|Any CPU.Build.0 = Release|Any CPU
		{65E9A7AC-80D0-4BB7-AAD4-AF37DA759367}.Debug|Any CPU.ActiveCfg = Debug|Any CPU
		{65E9A7AC-80D0-4BB7-AAD4-AF37DA759367}.Debug|Any CPU.Build.0 = Debug|Any CPU
		{65E9A7AC-80D0-4BB7-AAD4-AF37DA759367}.Release|Any CPU.ActiveCfg = Release|Any CPU
		{65E9A7AC-80D0-4BB7-AAD4-AF37DA759367}.Release|Any CPU.Build.0 = Release|Any CPU
		{5720A445-EF7E-46BB-9B81-31E878398B12}.Debug|Any CPU.ActiveCfg = Debug|Any CPU
		{5720A445-EF7E-46BB-9B81-31E878398B12}.Debug|Any CPU.Build.0 = Debug|Any CPU
		{5720A445-EF7E-46BB-9B81-31E878398B12}.Release|Any CPU.ActiveCfg = Release|Any CPU
		{5720A445-EF7E-46BB-9B81-31E878398B12}.Release|Any CPU.Build.0 = Release|Any CPU
		{E551AC46-C607-4644-9951-C7D732079F4E}.Debug|Any CPU.ActiveCfg = Debug|Any CPU
		{E551AC46-C607-4644-9951-C7D732079F4E}.Debug|Any CPU.Build.0 = Debug|Any CPU
		{E551AC46-C607-4644-9951-C7D732079F4E}.Release|Any CPU.ActiveCfg = Release|Any CPU
		{E551AC46-C607-4644-9951-C7D732079F4E}.Release|Any CPU.Build.0 = Release|Any CPU
		{477A597C-BA88-48E4-82AC-69EB887E4453}.Debug|Any CPU.ActiveCfg = Debug|Any CPU
		{477A597C-BA88-48E4-82AC-69EB887E4453}.Debug|Any CPU.Build.0 = Debug|Any CPU
		{477A597C-BA88-48E4-82AC-69EB887E4453}.Release|Any CPU.ActiveCfg = Release|Any CPU
		{477A597C-BA88-48E4-82AC-69EB887E4453}.Release|Any CPU.Build.0 = Release|Any CPU
		{72896F20-59B0-4E4C-A336-AD0B7565D199}.Debug|Any CPU.ActiveCfg = Debug|Any CPU
		{72896F20-59B0-4E4C-A336-AD0B7565D199}.Debug|Any CPU.Build.0 = Debug|Any CPU
		{72896F20-59B0-4E4C-A336-AD0B7565D199}.Release|Any CPU.ActiveCfg = Release|Any CPU
		{72896F20-59B0-4E4C-A336-AD0B7565D199}.Release|Any CPU.Build.0 = Release|Any CPU
	EndGlobalSection
	GlobalSection(SolutionProperties) = preSolution
		HideSolutionNode = FALSE
	EndGlobalSection
	GlobalSection(NestedProjects) = preSolution
		{764FB844-E576-4DF9-9C0E-1A973FD7A365} = {FF940145-0FBC-42E6-B6A8-0CEA63C52046}
		{B1BAC45C-F235-4DDE-B318-2A90E8206B28} = {FF940145-0FBC-42E6-B6A8-0CEA63C52046}
		{D9D60324-F0D8-4753-A1F7-23E5C6857E43} = {FF940145-0FBC-42E6-B6A8-0CEA63C52046}
		{0CD76052-33B9-4CF1-860A-6EB21D7D1588} = {F98994C0-1A91-4680-99F5-18F3E9833A49}
		{6CCCE4AA-BE33-4EB0-9DD6-821645F0A4A6} = {FF940145-0FBC-42E6-B6A8-0CEA63C52046}
		{5C449403-165B-44AE-BC59-8C4319E61FA2} = {FF940145-0FBC-42E6-B6A8-0CEA63C52046}
		{2EEA7EDC-AA1A-46B3-8852-B28FDC401805} = {F98994C0-1A91-4680-99F5-18F3E9833A49}
		{0CFFC434-E378-49BF-82DF-78AB942B61EF} = {F98994C0-1A91-4680-99F5-18F3E9833A49}
		{65E9A7AC-80D0-4BB7-AAD4-AF37DA759367} = {F98994C0-1A91-4680-99F5-18F3E9833A49}
		{5720A445-EF7E-46BB-9B81-31E878398B12} = {F98994C0-1A91-4680-99F5-18F3E9833A49}
		{E551AC46-C607-4644-9951-C7D732079F4E} = {F98994C0-1A91-4680-99F5-18F3E9833A49}
		{477A597C-BA88-48E4-82AC-69EB887E4453} = {F98994C0-1A91-4680-99F5-18F3E9833A49}
		{72896F20-59B0-4E4C-A336-AD0B7565D199} = {F13584BB-0CD1-4368-AAFB-E0876F40B2BC}
	EndGlobalSection
	GlobalSection(ExtensibilityGlobals) = postSolution
		SolutionGuid = {9F0DB1AE-A78B-4F83-B0FD-6B88B6209442}
	EndGlobalSection
EndGlobal
